
Microsoft Visual Studio Solution File, Format Version 12.00
# Visual Studio Version 17
VisualStudioVersion = 17.8.34330.188
MinimumVisualStudioVersion = 10.0.40219.1
Project("{9A19103F-16F7-4668-BE54-9A1E7A4F7556}") = "01_Program_Route", "01_Program_Route\01_Program_Route.csproj", "{82966E2A-68B1-4809-A856-D5A4FEDE72FB}"
EndProject
Project("{9A19103F-16F7-4668-BE54-9A1E7A4F7556}") = "02_ControllerToView", "02_ControllerToView\02_ControllerToView.csproj", "{86E3CAEE-0947-4CDC-ABE0-883165612E62}"
EndProject
Project("{9A19103F-16F7-4668-BE54-9A1E7A4F7556}") = "03_ViewToController", "03_ViewToController\03_ViewToController.csproj", "{1F70C52B-34B1-4C73-A228-50604AB722CF}"
EndProject
Project("{9A19103F-16F7-4668-BE54-9A1E7A4F7556}") = "04_ViewData_ViewBag_TempData", "04_ViewData_ViewBag_TempData\04_ViewData_ViewBag_TempData.csproj", "{FD646F36-A0C2-4BFC-B53B-8BA04F76A978}"
EndProject
Project("{9A19103F-16F7-4668-BE54-9A1E7A4F7556}") = "05_Html_Helpers", "05_Html_Helpers\05_Html_Helpers.csproj", "{FFB9A40A-7285-4147-AD49-781514AA4721}"
EndProject
Project("{9A19103F-16F7-4668-BE54-9A1E7A4F7556}") = "06_Custom_Helpers", "06_Custom_Helpers\06_Custom_Helpers.csproj", "{C9BB5874-2D61-4EA3-A17A-BFA598C0A56D}"
EndProject
Project("{9A19103F-16F7-4668-BE54-9A1E7A4F7556}") = "07_View_Layout_PartialView", "07_View_Layout_PartialView\07_View_Layout_PartialView.csproj", "{891019CE-DC00-43EC-A541-34473357FC6B}"
EndProject
Project("{9A19103F-16F7-4668-BE54-9A1E7A4F7556}") = "08_Render_Section_Nested", "08_Render_Section_Nested\08_Render_Section_Nested.csproj", "{29D39226-6C53-4EA1-8D74-46883074ED18}"
EndProject
Project("{9A19103F-16F7-4668-BE54-9A1E7A4F7556}") = "09_ModelsBinding", "09_ModelsBinding\09_ModelsBinding.csproj", "{E9A9BEF8-A260-460E-9880-B6E8869411D6}"
EndProject
Project("{FAE04EC0-301F-11D3-BF4B-00C04F79EFBC}") = "10_FluentValidation", "10_FluentValidation\10_FluentValidation.csproj", "{00151B07-D6E6-4DBF-8B81-256295E51F9C}"
EndProject
Project("{FAE04EC0-301F-11D3-BF4B-00C04F79EFBC}") = "11_AutoMapper", "11_AutoMapper\11_AutoMapper.csproj", "{96274E67-A9BE-4A33-A2B2-4A3C6BBA76DF}"
EndProject
Project("{FAE04EC0-301F-11D3-BF4B-00C04F79EFBC}") = "12_Dependecy_Injection", "12_Dependecy_Injection\12_Dependecy_Injection.csproj", "{866D81C9-2AEF-4B8A-97EF-B993C149DAFB}"
EndProject
Project("{FAE04EC0-301F-11D3-BF4B-00C04F79EFBC}") = "13_State_Management", "13_State_Management\13_State_Management.csproj", "{898127B1-DA7D-412F-ABED-3A695F0FD0D0}"
EndProject
Project("{FAE04EC0-301F-11D3-BF4B-00C04F79EFBC}") = "14_Middleware", "14_Middleware\14_Middleware.csproj", "{2FC9760B-D5AB-449C-B720-79E872D969A2}"
EndProject
Project("{FAE04EC0-301F-11D3-BF4B-00C04F79EFBC}") = "15_Filter_Operation", "15_Filter_Operation\15_Filter_Operation.csproj", "{E05F27E5-D004-4D8B-8F69-BF31A373290A}"
EndProject
Project("{FAE04EC0-301F-11D3-BF4B-00C04F79EFBC}") = "16_WebApi", "16_WebApi\16_WebApi.csproj", "{475330C6-437B-41F2-B093-D2E2B40F2F4D}"
EndProject
Project("{FAE04EC0-301F-11D3-BF4B-00C04F79EFBC}") = "17_AdoNetExample", "17_AdoNetExample\17_AdoNetExample.csproj", "{D6FEE4AB-1422-4F10-A06B-3FF5FADDD302}"
EndProject
Global
	GlobalSection(SolutionConfigurationPlatforms) = preSolution
		Debug|Any CPU = Debug|Any CPU
		Release|Any CPU = Release|Any CPU
	EndGlobalSection
	GlobalSection(ProjectConfigurationPlatforms) = postSolution
		{82966E2A-68B1-4809-A856-D5A4FEDE72FB}.Debug|Any CPU.ActiveCfg = Debug|Any CPU
		{82966E2A-68B1-4809-A856-D5A4FEDE72FB}.Debug|Any CPU.Build.0 = Debug|Any CPU
		{82966E2A-68B1-4809-A856-D5A4FEDE72FB}.Release|Any CPU.ActiveCfg = Release|Any CPU
		{82966E2A-68B1-4809-A856-D5A4FEDE72FB}.Release|Any CPU.Build.0 = Release|Any CPU
		{86E3CAEE-0947-4CDC-ABE0-883165612E62}.Debug|Any CPU.ActiveCfg = Debug|Any CPU
		{86E3CAEE-0947-4CDC-ABE0-883165612E62}.Debug|Any CPU.Build.0 = Debug|Any CPU
		{86E3CAEE-0947-4CDC-ABE0-883165612E62}.Release|Any CPU.ActiveCfg = Release|Any CPU
		{86E3CAEE-0947-4CDC-ABE0-883165612E62}.Release|Any CPU.Build.0 = Release|Any CPU
		{1F70C52B-34B1-4C73-A228-50604AB722CF}.Debug|Any CPU.ActiveCfg = Debug|Any CPU
		{1F70C52B-34B1-4C73-A228-50604AB722CF}.Debug|Any CPU.Build.0 = Debug|Any CPU
		{1F70C52B-34B1-4C73-A228-50604AB722CF}.Release|Any CPU.ActiveCfg = Release|Any CPU
		{1F70C52B-34B1-4C73-A228-50604AB722CF}.Release|Any CPU.Build.0 = Release|Any CPU
		{FD646F36-A0C2-4BFC-B53B-8BA04F76A978}.Debug|Any CPU.ActiveCfg = Debug|Any CPU
		{FD646F36-A0C2-4BFC-B53B-8BA04F76A978}.Debug|Any CPU.Build.0 = Debug|Any CPU
		{FD646F36-A0C2-4BFC-B53B-8BA04F76A978}.Release|Any CPU.ActiveCfg = Release|Any CPU
		{FD646F36-A0C2-4BFC-B53B-8BA04F76A978}.Release|Any CPU.Build.0 = Release|Any CPU
		{FFB9A40A-7285-4147-AD49-781514AA4721}.Debug|Any CPU.ActiveCfg = Debug|Any CPU
		{FFB9A40A-7285-4147-AD49-781514AA4721}.Debug|Any CPU.Build.0 = Debug|Any CPU
		{FFB9A40A-7285-4147-AD49-781514AA4721}.Release|Any CPU.ActiveCfg = Release|Any CPU
		{FFB9A40A-7285-4147-AD49-781514AA4721}.Release|Any CPU.Build.0 = Release|Any CPU
		{C9BB5874-2D61-4EA3-A17A-BFA598C0A56D}.Debug|Any CPU.ActiveCfg = Debug|Any CPU
		{C9BB5874-2D61-4EA3-A17A-BFA598C0A56D}.Debug|Any CPU.Build.0 = Debug|Any CPU
		{C9BB5874-2D61-4EA3-A17A-BFA598C0A56D}.Release|Any CPU.ActiveCfg = Release|Any CPU
		{C9BB5874-2D61-4EA3-A17A-BFA598C0A56D}.Release|Any CPU.Build.0 = Release|Any CPU
		{891019CE-DC00-43EC-A541-34473357FC6B}.Debug|Any CPU.ActiveCfg = Debug|Any CPU
		{891019CE-DC00-43EC-A541-34473357FC6B}.Debug|Any CPU.Build.0 = Debug|Any CPU
		{891019CE-DC00-43EC-A541-34473357FC6B}.Release|Any CPU.ActiveCfg = Release|Any CPU
		{891019CE-DC00-43EC-A541-34473357FC6B}.Release|Any CPU.Build.0 = Release|Any CPU
		{29D39226-6C53-4EA1-8D74-46883074ED18}.Debug|Any CPU.ActiveCfg = Debug|Any CPU
		{29D39226-6C53-4EA1-8D74-46883074ED18}.Debug|Any CPU.Build.0 = Debug|Any CPU
		{29D39226-6C53-4EA1-8D74-46883074ED18}.Release|Any CPU.ActiveCfg = Release|Any CPU
		{29D39226-6C53-4EA1-8D74-46883074ED18}.Release|Any CPU.Build.0 = Release|Any CPU
		{E9A9BEF8-A260-460E-9880-B6E8869411D6}.Debug|Any CPU.ActiveCfg = Debug|Any CPU
		{E9A9BEF8-A260-460E-9880-B6E8869411D6}.Debug|Any CPU.Build.0 = Debug|Any CPU
		{E9A9BEF8-A260-460E-9880-B6E8869411D6}.Release|Any CPU.ActiveCfg = Release|Any CPU
		{E9A9BEF8-A260-460E-9880-B6E8869411D6}.Release|Any CPU.Build.0 = Release|Any CPU
		{00151B07-D6E6-4DBF-8B81-256295E51F9C}.Debug|Any CPU.ActiveCfg = Debug|Any CPU
		{00151B07-D6E6-4DBF-8B81-256295E51F9C}.Debug|Any CPU.Build.0 = Debug|Any CPU
		{00151B07-D6E6-4DBF-8B81-256295E51F9C}.Release|Any CPU.ActiveCfg = Release|Any CPU
		{00151B07-D6E6-4DBF-8B81-256295E51F9C}.Release|Any CPU.Build.0 = Release|Any CPU
		{96274E67-A9BE-4A33-A2B2-4A3C6BBA76DF}.Debug|Any CPU.ActiveCfg = Debug|Any CPU
		{96274E67-A9BE-4A33-A2B2-4A3C6BBA76DF}.Debug|Any CPU.Build.0 = Debug|Any CPU
		{96274E67-A9BE-4A33-A2B2-4A3C6BBA76DF}.Release|Any CPU.ActiveCfg = Release|Any CPU
		{96274E67-A9BE-4A33-A2B2-4A3C6BBA76DF}.Release|Any CPU.Build.0 = Release|Any CPU
		{866D81C9-2AEF-4B8A-97EF-B993C149DAFB}.Debug|Any CPU.ActiveCfg = Debug|Any CPU
		{866D81C9-2AEF-4B8A-97EF-B993C149DAFB}.Debug|Any CPU.Build.0 = Debug|Any CPU
		{866D81C9-2AEF-4B8A-97EF-B993C149DAFB}.Release|Any CPU.ActiveCfg = Release|Any CPU
		{866D81C9-2AEF-4B8A-97EF-B993C149DAFB}.Release|Any CPU.Build.0 = Release|Any CPU
		{898127B1-DA7D-412F-ABED-3A695F0FD0D0}.Debug|Any CPU.ActiveCfg = Debug|Any CPU
		{898127B1-DA7D-412F-ABED-3A695F0FD0D0}.Debug|Any CPU.Build.0 = Debug|Any CPU
		{898127B1-DA7D-412F-ABED-3A695F0FD0D0}.Release|Any CPU.ActiveCfg = Release|Any CPU
		{898127B1-DA7D-412F-ABED-3A695F0FD0D0}.Release|Any CPU.Build.0 = Release|Any CPU
		{2FC9760B-D5AB-449C-B720-79E872D969A2}.Debug|Any CPU.ActiveCfg = Debug|Any CPU
		{2FC9760B-D5AB-449C-B720-79E872D969A2}.Debug|Any CPU.Build.0 = Debug|Any CPU
		{2FC9760B-D5AB-449C-B720-79E872D969A2}.Release|Any CPU.ActiveCfg = Release|Any CPU
		{2FC9760B-D5AB-449C-B720-79E872D969A2}.Release|Any CPU.Build.0 = Release|Any CPU
		{E05F27E5-D004-4D8B-8F69-BF31A373290A}.Debug|Any CPU.ActiveCfg = Debug|Any CPU
		{E05F27E5-D004-4D8B-8F69-BF31A373290A}.Debug|Any CPU.Build.0 = Debug|Any CPU
		{E05F27E5-D004-4D8B-8F69-BF31A373290A}.Release|Any CPU.ActiveCfg = Release|Any CPU
		{E05F27E5-D004-4D8B-8F69-BF31A373290A}.Release|Any CPU.Build.0 = Release|Any CPU
		{475330C6-437B-41F2-B093-D2E2B40F2F4D}.Debug|Any CPU.ActiveCfg = Debug|Any CPU
		{475330C6-437B-41F2-B093-D2E2B40F2F4D}.Debug|Any CPU.Build.0 = Debug|Any CPU
		{475330C6-437B-41F2-B093-D2E2B40F2F4D}.Release|Any CPU.ActiveCfg = Release|Any CPU
		{475330C6-437B-41F2-B093-D2E2B40F2F4D}.Release|Any CPU.Build.0 = Release|Any CPU
		{D6FEE4AB-1422-4F10-A06B-3FF5FADDD302}.Debug|Any CPU.ActiveCfg = Debug|Any CPU
		{D6FEE4AB-1422-4F10-A06B-3FF5FADDD302}.Debug|Any CPU.Build.0 = Debug|Any CPU
		{D6FEE4AB-1422-4F10-A06B-3FF5FADDD302}.Release|Any CPU.ActiveCfg = Release|Any CPU
		{D6FEE4AB-1422-4F10-A06B-3FF5FADDD302}.Release|Any CPU.Build.0 = Release|Any CPU
	EndGlobalSection
	GlobalSection(SolutionProperties) = preSolution
		HideSolutionNode = FALSE
	EndGlobalSection
	GlobalSection(ExtensibilityGlobals) = postSolution
		SolutionGuid = {2EDF7ECB-9E8B-49DE-B306-BFC401AAD3F0}
	EndGlobalSection
EndGlobal
